// !$*UTF8*$!
{
	archiveVersion = 1;
	classes = {
	};
	objectVersion = 46;
	objects = {

/* Begin PBXBuildFile section */
		184476671E0CAFC60091CB79 /* main.m in Sources */ = {isa = PBXBuildFile; fileRef = 184476661E0CAFC60091CB79 /* main.m */; };
		1844766A1E0CAFC60091CB79 /* AppDelegate.m in Sources */ = {isa = PBXBuildFile; fileRef = 184476691E0CAFC60091CB79 /* AppDelegate.m */; };
		1844766D1E0CAFC60091CB79 /* ViewController.m in Sources */ = {isa = PBXBuildFile; fileRef = 1844766C1E0CAFC60091CB79 /* ViewController.m */; };
		184476701E0CAFC60091CB79 /* Main.storyboard in Resources */ = {isa = PBXBuildFile; fileRef = 1844766E1E0CAFC60091CB79 /* Main.storyboard */; };
		184476721E0CAFC70091CB79 /* Assets.xcassets in Resources */ = {isa = PBXBuildFile; fileRef = 184476711E0CAFC70091CB79 /* Assets.xcassets */; };
		184476751E0CAFC70091CB79 /* LaunchScreen.storyboard in Resources */ = {isa = PBXBuildFile; fileRef = 184476731E0CAFC70091CB79 /* LaunchScreen.storyboard */; };
		184476801E0CAFC70091CB79 /* NewShopCarDemoTests.m in Sources */ = {isa = PBXBuildFile; fileRef = 1844767F1E0CAFC70091CB79 /* NewShopCarDemoTests.m */; };
		1844768B1E0CAFC70091CB79 /* NewShopCarDemoUITests.m in Sources */ = {isa = PBXBuildFile; fileRef = 1844768A1E0CAFC70091CB79 /* NewShopCarDemoUITests.m */; };
		1844769A1E0CB0F90091CB79 /* ShopCarData.plist in Resources */ = {isa = PBXBuildFile; fileRef = 184476991E0CB0F90091CB79 /* ShopCarData.plist */; };
		1871BB5A1E235EAE00B25FF2 /* ShopCarViewController.m in Sources */ = {isa = PBXBuildFile; fileRef = 1871BB591E235EAE00B25FF2 /* ShopCarViewController.m */; };
		1871BB5D1E23639F00B25FF2 /* BottomView.m in Sources */ = {isa = PBXBuildFile; fileRef = 1871BB5C1E23639F00B25FF2 /* BottomView.m */; };
		1871BB641E2363DF00B25FF2 /* ShopCarCell.m in Sources */ = {isa = PBXBuildFile; fileRef = 1871BB621E2363DF00B25FF2 /* ShopCarCell.m */; };
		1871BB651E2363DF00B25FF2 /* ShopCarCell.xib in Resources */ = {isa = PBXBuildFile; fileRef = 1871BB631E2363DF00B25FF2 /* ShopCarCell.xib */; };
		1871BB6A1E2365FD00B25FF2 /* shopcat_no_select.png in Resources */ = {isa = PBXBuildFile; fileRef = 1871BB661E2365FD00B25FF2 /* shopcat_no_select.png */; };
		1871BB6B1E2365FD00B25FF2 /* shopcat_select.png in Resources */ = {isa = PBXBuildFile; fileRef = 1871BB671E2365FD00B25FF2 /* shopcat_select.png */; };
		1871BB6C1E2365FD00B25FF2 /* shopcat_delete.png in Resources */ = {isa = PBXBuildFile; fileRef = 1871BB681E2365FD00B25FF2 /* shopcat_delete.png */; };
		1871BB6D1E2365FD00B25FF2 /* home_image.png in Resources */ = {isa = PBXBuildFile; fileRef = 1871BB691E2365FD00B25FF2 /* home_image.png */; };
		1871BB881E2367A100B25FF2 /* MASCompositeConstraint.m in Sources */ = {isa = PBXBuildFile; fileRef = 1871BB701E2367A100B25FF2 /* MASCompositeConstraint.m */; };
		1871BB891E2367A100B25FF2 /* MASConstraint.m in Sources */ = {isa = PBXBuildFile; fileRef = 1871BB731E2367A100B25FF2 /* MASConstraint.m */; };
		1871BB8A1E2367A100B25FF2 /* MASConstraintMaker.m in Sources */ = {isa = PBXBuildFile; fileRef = 1871BB751E2367A100B25FF2 /* MASConstraintMaker.m */; };
		1871BB8B1E2367A100B25FF2 /* MASLayoutConstraint.m in Sources */ = {isa = PBXBuildFile; fileRef = 1871BB771E2367A100B25FF2 /* MASLayoutConstraint.m */; };
		1871BB8C1E2367A100B25FF2 /* MASViewAttribute.m in Sources */ = {isa = PBXBuildFile; fileRef = 1871BB7B1E2367A100B25FF2 /* MASViewAttribute.m */; };
		1871BB8D1E2367A100B25FF2 /* MASViewConstraint.m in Sources */ = {isa = PBXBuildFile; fileRef = 1871BB7D1E2367A100B25FF2 /* MASViewConstraint.m */; };
		1871BB8E1E2367A100B25FF2 /* NSArray+MASAdditions.m in Sources */ = {isa = PBXBuildFile; fileRef = 1871BB7F1E2367A100B25FF2 /* NSArray+MASAdditions.m */; };
		1871BB8F1E2367A100B25FF2 /* NSLayoutConstraint+MASDebugAdditions.m in Sources */ = {isa = PBXBuildFile; fileRef = 1871BB821E2367A100B25FF2 /* NSLayoutConstraint+MASDebugAdditions.m */; };
		1871BB901E2367A100B25FF2 /* View+MASAdditions.m in Sources */ = {isa = PBXBuildFile; fileRef = 1871BB841E2367A100B25FF2 /* View+MASAdditions.m */; };
		1871BB911E2367A100B25FF2 /* ViewController+MASAdditions.m in Sources */ = {isa = PBXBuildFile; fileRef = 1871BB871E2367A100B25FF2 /* ViewController+MASAdditions.m */; };
		1871BB941E2370CF00B25FF2 /* TableViewHeaderView.m in Sources */ = {isa = PBXBuildFile; fileRef = 1871BB931E2370CF00B25FF2 /* TableViewHeaderView.m */; };
		18EE58E41E2380FE0087249E /* mer_x_shop@2x.png in Resources */ = {isa = PBXBuildFile; fileRef = 18EE58E31E2380FE0087249E /* mer_x_shop@2x.png */; };
		18EE58E71E2386F90087249E /* ShopcarModel.m in Sources */ = {isa = PBXBuildFile; fileRef = 18EE58E61E2386F90087249E /* ShopcarModel.m */; };
		18EE58ED1E238F690087249E /* NSMutableAttributedString+Tools.m in Sources */ = {isa = PBXBuildFile; fileRef = 18EE58EC1E238F690087249E /* NSMutableAttributedString+Tools.m */; };
		18EE58F01E23A1A20087249E /* ShopCatProductModel.m in Sources */ = {isa = PBXBuildFile; fileRef = 18EE58EF1E23A1A20087249E /* ShopCatProductModel.m */; };
/* End PBXBuildFile section */

/* Begin PBXContainerItemProxy section */
		1844767C1E0CAFC70091CB79 /* PBXContainerItemProxy */ = {
			isa = PBXContainerItemProxy;
			containerPortal = 1844765A1E0CAFC50091CB79 /* Project object */;
			proxyType = 1;
			remoteGlobalIDString = 184476611E0CAFC60091CB79;
			remoteInfo = NewShopCarDemo;
		};
		184476871E0CAFC70091CB79 /* PBXContainerItemProxy */ = {
			isa = PBXContainerItemProxy;
			containerPortal = 1844765A1E0CAFC50091CB79 /* Project object */;
			proxyType = 1;
			remoteGlobalIDString = 184476611E0CAFC60091CB79;
			remoteInfo = NewShopCarDemo;
		};
/* End PBXContainerItemProxy section */

/* Begin PBXFileReference section */
		184476621E0CAFC60091CB79 /* NewShopCarDemo.app */ = {isa = PBXFileReference; explicitFileType = wrapper.application; includeInIndex = 0; path = NewShopCarDemo.app; sourceTree = BUILT_PRODUCTS_DIR; };
		184476661E0CAFC60091CB79 /* main.m */ = {isa = PBXFileReference; lastKnownFileType = sourcecode.c.objc; path = main.m; sourceTree = "<group>"; };
		184476681E0CAFC60091CB79 /* AppDelegate.h */ = {isa = PBXFileReference; lastKnownFileType = sourcecode.c.h; path = AppDelegate.h; sourceTree = "<group>"; };
		184476691E0CAFC60091CB79 /* AppDelegate.m */ = {isa = PBXFileReference; lastKnownFileType = sourcecode.c.objc; path = AppDelegate.m; sourceTree = "<group>"; };
		1844766B1E0CAFC60091CB79 /* ViewController.h */ = {isa = PBXFileReference; lastKnownFileType = sourcecode.c.h; path = ViewController.h; sourceTree = "<group>"; };
		1844766C1E0CAFC60091CB79 /* ViewController.m */ = {isa = PBXFileReference; lastKnownFileType = sourcecode.c.objc; path = ViewController.m; sourceTree = "<group>"; };
		1844766F1E0CAFC60091CB79 /* Base */ = {isa = PBXFileReference; lastKnownFileType = file.storyboard; name = Base; path = Base.lproj/Main.storyboard; sourceTree = "<group>"; };
		184476711E0CAFC70091CB79 /* Assets.xcassets */ = {isa = PBXFileReference; lastKnownFileType = folder.assetcatalog; path = Assets.xcassets; sourceTree = "<group>"; };
		184476741E0CAFC70091CB79 /* Base */ = {isa = PBXFileReference; lastKnownFileType = file.storyboard; name = Base; path = Base.lproj/LaunchScreen.storyboard; sourceTree = "<group>"; };
		184476761E0CAFC70091CB79 /* Info.plist */ = {isa = PBXFileReference; lastKnownFileType = text.plist.xml; path = Info.plist; sourceTree = "<group>"; };
		1844767B1E0CAFC70091CB79 /* NewShopCarDemoTests.xctest */ = {isa = PBXFileReference; explicitFileType = wrapper.cfbundle; includeInIndex = 0; path = NewShopCarDemoTests.xctest; sourceTree = BUILT_PRODUCTS_DIR; };
		1844767F1E0CAFC70091CB79 /* NewShopCarDemoTests.m */ = {isa = PBXFileReference; lastKnownFileType = sourcecode.c.objc; path = NewShopCarDemoTests.m; sourceTree = "<group>"; };
		184476811E0CAFC70091CB79 /* Info.plist */ = {isa = PBXFileReference; lastKnownFileType = text.plist.xml; path = Info.plist; sourceTree = "<group>"; };
		184476861E0CAFC70091CB79 /* NewShopCarDemoUITests.xctest */ = {isa = PBXFileReference; explicitFileType = wrapper.cfbundle; includeInIndex = 0; path = NewShopCarDemoUITests.xctest; sourceTree = BUILT_PRODUCTS_DIR; };
		1844768A1E0CAFC70091CB79 /* NewShopCarDemoUITests.m */ = {isa = PBXFileReference; lastKnownFileType = sourcecode.c.objc; path = NewShopCarDemoUITests.m; sourceTree = "<group>"; };
		1844768C1E0CAFC70091CB79 /* Info.plist */ = {isa = PBXFileReference; lastKnownFileType = text.plist.xml; path = Info.plist; sourceTree = "<group>"; };
		184476981E0CB01F0091CB79 /* Header.h */ = {isa = PBXFileReference; lastKnownFileType = sourcecode.c.h; path = Header.h; sourceTree = "<group>"; };
		184476991E0CB0F90091CB79 /* ShopCarData.plist */ = {isa = PBXFileReference; fileEncoding = 4; lastKnownFileType = text.plist.xml; path = ShopCarData.plist; sourceTree = "<group>"; };
		1871BB581E235EAE00B25FF2 /* ShopCarViewController.h */ = {isa = PBXFileReference; fileEncoding = 4; lastKnownFileType = sourcecode.c.h; path = ShopCarViewController.h; sourceTree = "<group>"; };
		1871BB591E235EAE00B25FF2 /* ShopCarViewController.m */ = {isa = PBXFileReference; fileEncoding = 4; lastKnownFileType = sourcecode.c.objc; path = ShopCarViewController.m; sourceTree = "<group>"; };
		1871BB5B1E23639F00B25FF2 /* BottomView.h */ = {isa = PBXFileReference; fileEncoding = 4; lastKnownFileType = sourcecode.c.h; path = BottomView.h; sourceTree = "<group>"; };
		1871BB5C1E23639F00B25FF2 /* BottomView.m */ = {isa = PBXFileReference; fileEncoding = 4; lastKnownFileType = sourcecode.c.objc; path = BottomView.m; sourceTree = "<group>"; };
		1871BB611E2363DF00B25FF2 /* ShopCarCell.h */ = {isa = PBXFileReference; fileEncoding = 4; lastKnownFileType = sourcecode.c.h; path = ShopCarCell.h; sourceTree = "<group>"; };
		1871BB621E2363DF00B25FF2 /* ShopCarCell.m */ = {isa = PBXFileReference; fileEncoding = 4; lastKnownFileType = sourcecode.c.objc; path = ShopCarCell.m; sourceTree = "<group>"; };
		1871BB631E2363DF00B25FF2 /* ShopCarCell.xib */ = {isa = PBXFileReference; fileEncoding = 4; lastKnownFileType = file.xib; path = ShopCarCell.xib; sourceTree = "<group>"; };
		1871BB661E2365FD00B25FF2 /* shopcat_no_select.png */ = {isa = PBXFileReference; lastKnownFileType = image.png; path = shopcat_no_select.png; sourceTree = "<group>"; };
		1871BB671E2365FD00B25FF2 /* shopcat_select.png */ = {isa = PBXFileReference; lastKnownFileType = image.png; path = shopcat_select.png; sourceTree = "<group>"; };
		1871BB681E2365FD00B25FF2 /* shopcat_delete.png */ = {isa = PBXFileReference; lastKnownFileType = image.png; path = shopcat_delete.png; sourceTree = "<group>"; };
		1871BB691E2365FD00B25FF2 /* home_image.png */ = {isa = PBXFileReference; lastKnownFileType = image.png; path = home_image.png; sourceTree = "<group>"; };
		1871BB6F1E2367A100B25FF2 /* MASCompositeConstraint.h */ = {isa = PBXFileReference; fileEncoding = 4; lastKnownFileType = sourcecode.c.h; path = MASCompositeConstraint.h; sourceTree = "<group>"; };
		1871BB701E2367A100B25FF2 /* MASCompositeConstraint.m */ = {isa = PBXFileReference; fileEncoding = 4; lastKnownFileType = sourcecode.c.objc; path = MASCompositeConstraint.m; sourceTree = "<group>"; };
		1871BB711E2367A100B25FF2 /* MASConstraint+Private.h */ = {isa = PBXFileReference; fileEncoding = 4; lastKnownFileType = sourcecode.c.h; path = "MASConstraint+Private.h"; sourceTree = "<group>"; };
		1871BB721E2367A100B25FF2 /* MASConstraint.h */ = {isa = PBXFileReference; fileEncoding = 4; lastKnownFileType = sourcecode.c.h; path = MASConstraint.h; sourceTree = "<group>"; };
		1871BB731E2367A100B25FF2 /* MASConstraint.m */ = {isa = PBXFileReference; fileEncoding = 4; lastKnownFileType = sourcecode.c.objc; path = MASConstraint.m; sourceTree = "<group>"; };
		1871BB741E2367A100B25FF2 /* MASConstraintMaker.h */ = {isa = PBXFileReference; fileEncoding = 4; lastKnownFileType = sourcecode.c.h; path = MASConstraintMaker.h; sourceTree = "<group>"; };
		1871BB751E2367A100B25FF2 /* MASConstraintMaker.m */ = {isa = PBXFileReference; fileEncoding = 4; lastKnownFileType = sourcecode.c.objc; path = MASConstraintMaker.m; sourceTree = "<group>"; };
		1871BB761E2367A100B25FF2 /* MASLayoutConstraint.h */ = {isa = PBXFileReference; fileEncoding = 4; lastKnownFileType = sourcecode.c.h; path = MASLayoutConstraint.h; sourceTree = "<group>"; };
		1871BB771E2367A100B25FF2 /* MASLayoutConstraint.m */ = {isa = PBXFileReference; fileEncoding = 4; lastKnownFileType = sourcecode.c.objc; path = MASLayoutConstraint.m; sourceTree = "<group>"; };
		1871BB781E2367A100B25FF2 /* Masonry.h */ = {isa = PBXFileReference; fileEncoding = 4; lastKnownFileType = sourcecode.c.h; path = Masonry.h; sourceTree = "<group>"; };
		1871BB791E2367A100B25FF2 /* MASUtilities.h */ = {isa = PBXFileReference; fileEncoding = 4; lastKnownFileType = sourcecode.c.h; path = MASUtilities.h; sourceTree = "<group>"; };
		1871BB7A1E2367A100B25FF2 /* MASViewAttribute.h */ = {isa = PBXFileReference; fileEncoding = 4; lastKnownFileType = sourcecode.c.h; path = MASViewAttribute.h; sourceTree = "<group>"; };
		1871BB7B1E2367A100B25FF2 /* MASViewAttribute.m */ = {isa = PBXFileReference; fileEncoding = 4; lastKnownFileType = sourcecode.c.objc; path = MASViewAttribute.m; sourceTree = "<group>"; };
		1871BB7C1E2367A100B25FF2 /* MASViewConstraint.h */ = {isa = PBXFileReference; fileEncoding = 4; lastKnownFileType = sourcecode.c.h; path = MASViewConstraint.h; sourceTree = "<group>"; };
		1871BB7D1E2367A100B25FF2 /* MASViewConstraint.m */ = {isa = PBXFileReference; fileEncoding = 4; lastKnownFileType = sourcecode.c.objc; path = MASViewConstraint.m; sourceTree = "<group>"; };
		1871BB7E1E2367A100B25FF2 /* NSArray+MASAdditions.h */ = {isa = PBXFileReference; fileEncoding = 4; lastKnownFileType = sourcecode.c.h; path = "NSArray+MASAdditions.h"; sourceTree = "<group>"; };
		1871BB7F1E2367A100B25FF2 /* NSArray+MASAdditions.m */ = {isa = PBXFileReference; fileEncoding = 4; lastKnownFileType = sourcecode.c.objc; path = "NSArray+MASAdditions.m"; sourceTree = "<group>"; };
		1871BB801E2367A100B25FF2 /* NSArray+MASShorthandAdditions.h */ = {isa = PBXFileReference; fileEncoding = 4; lastKnownFileType = sourcecode.c.h; path = "NSArray+MASShorthandAdditions.h"; sourceTree = "<group>"; };
		1871BB811E2367A100B25FF2 /* NSLayoutConstraint+MASDebugAdditions.h */ = {isa = PBXFileReference; fileEncoding = 4; lastKnownFileType = sourcecode.c.h; path = "NSLayoutConstraint+MASDebugAdditions.h"; sourceTree = "<group>"; };
		1871BB821E2367A100B25FF2 /* NSLayoutConstraint+MASDebugAdditions.m */ = {isa = PBXFileReference; fileEncoding = 4; lastKnownFileType = sourcecode.c.objc; path = "NSLayoutConstraint+MASDebugAdditions.m"; sourceTree = "<group>"; };
		1871BB831E2367A100B25FF2 /* View+MASAdditions.h */ = {isa = PBXFileReference; fileEncoding = 4; lastKnownFileType = sourcecode.c.h; path = "View+MASAdditions.h"; sourceTree = "<group>"; };
		1871BB841E2367A100B25FF2 /* View+MASAdditions.m */ = {isa = PBXFileReference; fileEncoding = 4; lastKnownFileType = sourcecode.c.objc; path = "View+MASAdditions.m"; sourceTree = "<group>"; };
		1871BB851E2367A100B25FF2 /* View+MASShorthandAdditions.h */ = {isa = PBXFileReference; fileEncoding = 4; lastKnownFileType = sourcecode.c.h; path = "View+MASShorthandAdditions.h"; sourceTree = "<group>"; };
		1871BB861E2367A100B25FF2 /* ViewController+MASAdditions.h */ = {isa = PBXFileReference; fileEncoding = 4; lastKnownFileType = sourcecode.c.h; path = "ViewController+MASAdditions.h"; sourceTree = "<group>"; };
		1871BB871E2367A100B25FF2 /* ViewController+MASAdditions.m */ = {isa = PBXFileReference; fileEncoding = 4; lastKnownFileType = sourcecode.c.objc; path = "ViewController+MASAdditions.m"; sourceTree = "<group>"; };
		1871BB921E2370CF00B25FF2 /* TableViewHeaderView.h */ = {isa = PBXFileReference; fileEncoding = 4; lastKnownFileType = sourcecode.c.h; path = TableViewHeaderView.h; sourceTree = "<group>"; };
		1871BB931E2370CF00B25FF2 /* TableViewHeaderView.m */ = {isa = PBXFileReference; fileEncoding = 4; lastKnownFileType = sourcecode.c.objc; path = TableViewHeaderView.m; sourceTree = "<group>"; };
		18EE58E31E2380FE0087249E /* mer_x_shop@2x.png */ = {isa = PBXFileReference; lastKnownFileType = image.png; path = "mer_x_shop@2x.png"; sourceTree = "<group>"; };
		18EE58E51E2386F90087249E /* ShopcarModel.h */ = {isa = PBXFileReference; fileEncoding = 4; lastKnownFileType = sourcecode.c.h; path = ShopcarModel.h; sourceTree = "<group>"; };
		18EE58E61E2386F90087249E /* ShopcarModel.m */ = {isa = PBXFileReference; fileEncoding = 4; lastKnownFileType = sourcecode.c.objc; path = ShopcarModel.m; sourceTree = "<group>"; };
		18EE58EB1E238F690087249E /* NSMutableAttributedString+Tools.h */ = {isa = PBXFileReference; fileEncoding = 4; lastKnownFileType = sourcecode.c.h; path = "NSMutableAttributedString+Tools.h"; sourceTree = "<group>"; };
		18EE58EC1E238F690087249E /* NSMutableAttributedString+Tools.m */ = {isa = PBXFileReference; fileEncoding = 4; lastKnownFileType = sourcecode.c.objc; path = "NSMutableAttributedString+Tools.m"; sourceTree = "<group>"; };
		18EE58EE1E23A1A20087249E /* ShopCatProductModel.h */ = {isa = PBXFileReference; fileEncoding = 4; lastKnownFileType = sourcecode.c.h; path = ShopCatProductModel.h; sourceTree = "<group>"; };
		18EE58EF1E23A1A20087249E /* ShopCatProductModel.m */ = {isa = PBXFileReference; fileEncoding = 4; lastKnownFileType = sourcecode.c.objc; path = ShopCatProductModel.m; sourceTree = "<group>"; };
/* End PBXFileReference section */

/* Begin PBXFrameworksBuildPhase section */
		1844765F1E0CAFC60091CB79 /* Frameworks */ = {
			isa = PBXFrameworksBuildPhase;
			buildActionMask = 2147483647;
			files = (
			);
			runOnlyForDeploymentPostprocessing = 0;
		};
		184476781E0CAFC70091CB79 /* Frameworks */ = {
			isa = PBXFrameworksBuildPhase;
			buildActionMask = 2147483647;
			files = (
			);
			runOnlyForDeploymentPostprocessing = 0;
		};
		184476831E0CAFC70091CB79 /* Frameworks */ = {
			isa = PBXFrameworksBuildPhase;
			buildActionMask = 2147483647;
			files = (
			);
			runOnlyForDeploymentPostprocessing = 0;
		};
/* End PBXFrameworksBuildPhase section */

/* Begin PBXGroup section */
		184476591E0CAFC50091CB79 = {
			isa = PBXGroup;
			children = (
				184476641E0CAFC60091CB79 /* NewShopCarDemo */,
				1844767E1E0CAFC70091CB79 /* NewShopCarDemoTests */,
				184476891E0CAFC70091CB79 /* NewShopCarDemoUITests */,
				184476631E0CAFC60091CB79 /* Products */,
			);
			sourceTree = "<group>";
		};
		184476631E0CAFC60091CB79 /* Products */ = {
			isa = PBXGroup;
			children = (
				184476621E0CAFC60091CB79 /* NewShopCarDemo.app */,
				1844767B1E0CAFC70091CB79 /* NewShopCarDemoTests.xctest */,
				184476861E0CAFC70091CB79 /* NewShopCarDemoUITests.xctest */,
			);
			name = Products;
			sourceTree = "<group>";
		};
		184476641E0CAFC60091CB79 /* NewShopCarDemo */ = {
			isa = PBXGroup;
			children = (
				18EE58E31E2380FE0087249E /* mer_x_shop@2x.png */,
				1871BB661E2365FD00B25FF2 /* shopcat_no_select.png */,
				1871BB671E2365FD00B25FF2 /* shopcat_select.png */,
				1871BB681E2365FD00B25FF2 /* shopcat_delete.png */,
				1871BB691E2365FD00B25FF2 /* home_image.png */,
				1871BB6E1E2367A100B25FF2 /* Masonry */,
				184476A41E0CEB030091CB79 /* Tool */,
				1844769B1E0CBB570091CB79 /* Views */,
				1844769C1E0CBB570091CB79 /* ViewController */,
				1844769D1E0CBB570091CB79 /* Model */,
				1844769E1E0CBB570091CB79 /* Catogary */,
				184476681E0CAFC60091CB79 /* AppDelegate.h */,
				184476691E0CAFC60091CB79 /* AppDelegate.m */,
				1844766B1E0CAFC60091CB79 /* ViewController.h */,
				1844766C1E0CAFC60091CB79 /* ViewController.m */,
				1844766E1E0CAFC60091CB79 /* Main.storyboard */,
				184476711E0CAFC70091CB79 /* Assets.xcassets */,
				184476731E0CAFC70091CB79 /* LaunchScreen.storyboard */,
				184476761E0CAFC70091CB79 /* Info.plist */,
				184476651E0CAFC60091CB79 /* Supporting Files */,
			);
			path = NewShopCarDemo;
			sourceTree = "<group>";
		};
		184476651E0CAFC60091CB79 /* Supporting Files */ = {
			isa = PBXGroup;
			children = (
				184476991E0CB0F90091CB79 /* ShopCarData.plist */,
				184476661E0CAFC60091CB79 /* main.m */,
				184476981E0CB01F0091CB79 /* Header.h */,
			);
			name = "Supporting Files";
			sourceTree = "<group>";
		};
		1844767E1E0CAFC70091CB79 /* NewShopCarDemoTests */ = {
			isa = PBXGroup;
			children = (
				1844767F1E0CAFC70091CB79 /* NewShopCarDemoTests.m */,
				184476811E0CAFC70091CB79 /* Info.plist */,
			);
			path = NewShopCarDemoTests;
			sourceTree = "<group>";
		};
		184476891E0CAFC70091CB79 /* NewShopCarDemoUITests */ = {
			isa = PBXGroup;
			children = (
				1844768A1E0CAFC70091CB79 /* NewShopCarDemoUITests.m */,
				1844768C1E0CAFC70091CB79 /* Info.plist */,
			);
			path = NewShopCarDemoUITests;
			sourceTree = "<group>";
		};
		1844769B1E0CBB570091CB79 /* Views */ = {
			isa = PBXGroup;
			children = (
				1871BB5B1E23639F00B25FF2 /* BottomView.h */,
				1871BB5C1E23639F00B25FF2 /* BottomView.m */,
				1871BB921E2370CF00B25FF2 /* TableViewHeaderView.h */,
				1871BB931E2370CF00B25FF2 /* TableViewHeaderView.m */,
				1871BB611E2363DF00B25FF2 /* ShopCarCell.h */,
				1871BB621E2363DF00B25FF2 /* ShopCarCell.m */,
				1871BB631E2363DF00B25FF2 /* ShopCarCell.xib */,
			);
			path = Views;
			sourceTree = "<group>";
		};
		1844769C1E0CBB570091CB79 /* ViewController */ = {
			isa = PBXGroup;
			children = (
				1871BB581E235EAE00B25FF2 /* ShopCarViewController.h */,
				1871BB591E235EAE00B25FF2 /* ShopCarViewController.m */,
			);
			path = ViewController;
			sourceTree = "<group>";
		};
		1844769D1E0CBB570091CB79 /* Model */ = {
			isa = PBXGroup;
			children = (
				18EE58E51E2386F90087249E /* ShopcarModel.h */,
				18EE58E61E2386F90087249E /* ShopcarModel.m */,
				18EE58EE1E23A1A20087249E /* ShopCatProductModel.h */,
				18EE58EF1E23A1A20087249E /* ShopCatProductModel.m */,
			);
			path = Model;
			sourceTree = "<group>";
		};
		1844769E1E0CBB570091CB79 /* Catogary */ = {
			isa = PBXGroup;
			children = (
			);
			path = Catogary;
			sourceTree = "<group>";
		};
		184476A41E0CEB030091CB79 /* Tool */ = {
			isa = PBXGroup;
			children = (
				18EE58EB1E238F690087249E /* NSMutableAttributedString+Tools.h */,
				18EE58EC1E238F690087249E /* NSMutableAttributedString+Tools.m */,
			);
			path = Tool;
			sourceTree = "<group>";
		};
		1871BB6E1E2367A100B25FF2 /* Masonry */ = {
			isa = PBXGroup;
			children = (
				1871BB6F1E2367A100B25FF2 /* MASCompositeConstraint.h */,
				1871BB701E2367A100B25FF2 /* MASCompositeConstraint.m */,
				1871BB711E2367A100B25FF2 /* MASConstraint+Private.h */,
				1871BB721E2367A100B25FF2 /* MASConstraint.h */,
				1871BB731E2367A100B25FF2 /* MASConstraint.m */,
				1871BB741E2367A100B25FF2 /* MASConstraintMaker.h */,
				1871BB751E2367A100B25FF2 /* MASConstraintMaker.m */,
				1871BB761E2367A100B25FF2 /* MASLayoutConstraint.h */,
				1871BB771E2367A100B25FF2 /* MASLayoutConstraint.m */,
				1871BB781E2367A100B25FF2 /* Masonry.h */,
				1871BB791E2367A100B25FF2 /* MASUtilities.h */,
				1871BB7A1E2367A100B25FF2 /* MASViewAttribute.h */,
				1871BB7B1E2367A100B25FF2 /* MASViewAttribute.m */,
				1871BB7C1E2367A100B25FF2 /* MASViewConstraint.h */,
				1871BB7D1E2367A100B25FF2 /* MASViewConstraint.m */,
				1871BB7E1E2367A100B25FF2 /* NSArray+MASAdditions.h */,
				1871BB7F1E2367A100B25FF2 /* NSArray+MASAdditions.m */,
				1871BB801E2367A100B25FF2 /* NSArray+MASShorthandAdditions.h */,
				1871BB811E2367A100B25FF2 /* NSLayoutConstraint+MASDebugAdditions.h */,
				1871BB821E2367A100B25FF2 /* NSLayoutConstraint+MASDebugAdditions.m */,
				1871BB831E2367A100B25FF2 /* View+MASAdditions.h */,
				1871BB841E2367A100B25FF2 /* View+MASAdditions.m */,
				1871BB851E2367A100B25FF2 /* View+MASShorthandAdditions.h */,
				1871BB861E2367A100B25FF2 /* ViewController+MASAdditions.h */,
				1871BB871E2367A100B25FF2 /* ViewController+MASAdditions.m */,
			);
			path = Masonry;
			sourceTree = "<group>";
		};
/* End PBXGroup section */

/* Begin PBXNativeTarget section */
		184476611E0CAFC60091CB79 /* NewShopCarDemo */ = {
			isa = PBXNativeTarget;
			buildConfigurationList = 1844768F1E0CAFC80091CB79 /* Build configuration list for PBXNativeTarget "NewShopCarDemo" */;
			buildPhases = (
				1844765E1E0CAFC60091CB79 /* Sources */,
				1844765F1E0CAFC60091CB79 /* Frameworks */,
				184476601E0CAFC60091CB79 /* Resources */,
			);
			buildRules = (
			);
			dependencies = (
			);
			name = NewShopCarDemo;
			productName = NewShopCarDemo;
			productReference = 184476621E0CAFC60091CB79 /* NewShopCarDemo.app */;
			productType = "com.apple.product-type.application";
		};
		1844767A1E0CAFC70091CB79 /* NewShopCarDemoTests */ = {
			isa = PBXNativeTarget;
			buildConfigurationList = 184476921E0CAFC80091CB79 /* Build configuration list for PBXNativeTarget "NewShopCarDemoTests" */;
			buildPhases = (
				184476771E0CAFC70091CB79 /* Sources */,
				184476781E0CAFC70091CB79 /* Frameworks */,
				184476791E0CAFC70091CB79 /* Resources */,
			);
			buildRules = (
			);
			dependencies = (
				1844767D1E0CAFC70091CB79 /* PBXTargetDependency */,
			);
			name = NewShopCarDemoTests;
			productName = NewShopCarDemoTests;
			productReference = 1844767B1E0CAFC70091CB79 /* NewShopCarDemoTests.xctest */;
			productType = "com.apple.product-type.bundle.unit-test";
		};
		184476851E0CAFC70091CB79 /* NewShopCarDemoUITests */ = {
			isa = PBXNativeTarget;
			buildConfigurationList = 184476951E0CAFC80091CB79 /* Build configuration list for PBXNativeTarget "NewShopCarDemoUITests" */;
			buildPhases = (
				184476821E0CAFC70091CB79 /* Sources */,
				184476831E0CAFC70091CB79 /* Frameworks */,
				184476841E0CAFC70091CB79 /* Resources */,
			);
			buildRules = (
			);
			dependencies = (
				184476881E0CAFC70091CB79 /* PBXTargetDependency */,
			);
			name = NewShopCarDemoUITests;
			productName = NewShopCarDemoUITests;
			productReference = 184476861E0CAFC70091CB79 /* NewShopCarDemoUITests.xctest */;
			productType = "com.apple.product-type.bundle.ui-testing";
		};
/* End PBXNativeTarget section */

/* Begin PBXProject section */
		1844765A1E0CAFC50091CB79 /* Project object */ = {
			isa = PBXProject;
			attributes = {
				LastUpgradeCheck = 0810;
				ORGANIZATIONNAME = mgjr;
				TargetAttributes = {
					184476611E0CAFC60091CB79 = {
						CreatedOnToolsVersion = 8.1;
						DevelopmentTeam = 4U8M5497ZW;
						ProvisioningStyle = Automatic;
					};
					1844767A1E0CAFC70091CB79 = {
						CreatedOnToolsVersion = 8.1;
						ProvisioningStyle = Automatic;
						TestTargetID = 184476611E0CAFC60091CB79;
					};
					184476851E0CAFC70091CB79 = {
						CreatedOnToolsVersion = 8.1;
						ProvisioningStyle = Automatic;
						TestTargetID = 184476611E0CAFC60091CB79;
					};
				};
			};
			buildConfigurationList = 1844765D1E0CAFC50091CB79 /* Build configuration list for PBXProject "NewShopCarDemo" */;
			compatibilityVersion = "Xcode 3.2";
			developmentRegion = English;
			hasScannedForEncodings = 0;
			knownRegions = (
				en,
				Base,
			);
			mainGroup = 184476591E0CAFC50091CB79;
			productRefGroup = 184476631E0CAFC60091CB79 /* Products */;
			projectDirPath = "";
			projectRoot = "";
			targets = (
				184476611E0CAFC60091CB79 /* NewShopCarDemo */,
				1844767A1E0CAFC70091CB79 /* NewShopCarDemoTests */,
				184476851E0CAFC70091CB79 /* NewShopCarDemoUITests */,
			);
		};
/* End PBXProject section */

/* Begin PBXResourcesBuildPhase section */
		184476601E0CAFC60091CB79 /* Resources */ = {
			isa = PBXResourcesBuildPhase;
			buildActionMask = 2147483647;
			files = (
				184476751E0CAFC70091CB79 /* LaunchScreen.storyboard in Resources */,
				1871BB6C1E2365FD00B25FF2 /* shopcat_delete.png in Resources */,
				1871BB6D1E2365FD00B25FF2 /* home_image.png in Resources */,
				1871BB6B1E2365FD00B25FF2 /* shopcat_select.png in Resources */,
				1844769A1E0CB0F90091CB79 /* ShopCarData.plist in Resources */,
				1871BB651E2363DF00B25FF2 /* ShopCarCell.xib in Resources */,
				18EE58E41E2380FE0087249E /* mer_x_shop@2x.png in Resources */,
				184476721E0CAFC70091CB79 /* Assets.xcassets in Resources */,
				184476701E0CAFC60091CB79 /* Main.storyboard in Resources */,
				1871BB6A1E2365FD00B25FF2 /* shopcat_no_select.png in Resources */,
			);
			runOnlyForDeploymentPostprocessing = 0;
		};
		184476791E0CAFC70091CB79 /* Resources */ = {
			isa = PBXResourcesBuildPhase;
			buildActionMask = 2147483647;
			files = (
			);
			runOnlyForDeploymentPostprocessing = 0;
		};
		184476841E0CAFC70091CB79 /* Resources */ = {
			isa = PBXResourcesBuildPhase;
			buildActionMask = 2147483647;
			files = (
			);
			runOnlyForDeploymentPostprocessing = 0;
		};
/* End PBXResourcesBuildPhase section */

/* Begin PBXSourcesBuildPhase section */
		1844765E1E0CAFC60091CB79 /* Sources */ = {
			isa = PBXSourcesBuildPhase;
			buildActionMask = 2147483647;
			files = (
				18EE58F01E23A1A20087249E /* ShopCatProductModel.m in Sources */,
				1871BB8E1E2367A100B25FF2 /* NSArray+MASAdditions.m in Sources */,
				1871BB8D1E2367A100B25FF2 /* MASViewConstraint.m in Sources */,
				1871BB8A1E2367A100B25FF2 /* MASConstraintMaker.m in Sources */,
				1871BB901E2367A100B25FF2 /* View+MASAdditions.m in Sources */,
				1844766D1E0CAFC60091CB79 /* ViewController.m in Sources */,
				1871BB891E2367A100B25FF2 /* MASConstraint.m in Sources */,
				1871BB5A1E235EAE00B25FF2 /* ShopCarViewController.m in Sources */,
				1871BB8C1E2367A100B25FF2 /* MASViewAttribute.m in Sources */,
				1871BB941E2370CF00B25FF2 /* TableViewHeaderView.m in Sources */,
				1871BB8F1E2367A100B25FF2 /* NSLayoutConstraint+MASDebugAdditions.m in Sources */,
				18EE58E71E2386F90087249E /* ShopcarModel.m in Sources */,
				1844766A1E0CAFC60091CB79 /* AppDelegate.m in Sources */,
				1871BB881E2367A100B25FF2 /* MASCompositeConstraint.m in Sources */,
				1871BB8B1E2367A100B25FF2 /* MASLayoutConstraint.m in Sources */,
				1871BB5D1E23639F00B25FF2 /* BottomView.m in Sources */,
				1871BB641E2363DF00B25FF2 /* ShopCarCell.m in Sources */,
				18EE58ED1E238F690087249E /* NSMutableAttributedString+Tools.m in Sources */,
				1871BB911E2367A100B25FF2 /* ViewController+MASAdditions.m in Sources */,
				184476671E0CAFC60091CB79 /* main.m in Sources */,
			);
			runOnlyForDeploymentPostprocessing = 0;
		};
		184476771E0CAFC70091CB79 /* Sources */ = {
			isa = PBXSourcesBuildPhase;
			buildActionMask = 2147483647;
			files = (
				184476801E0CAFC70091CB79 /* NewShopCarDemoTests.m in Sources */,
			);
			runOnlyForDeploymentPostprocessing = 0;
		};
		184476821E0CAFC70091CB79 /* Sources */ = {
			isa = PBXSourcesBuildPhase;
			buildActionMask = 2147483647;
			files = (
				1844768B1E0CAFC70091CB79 /* NewShopCarDemoUITests.m in Sources */,
			);
			runOnlyForDeploymentPostprocessing = 0;
		};
/* End PBXSourcesBuildPhase section */

/* Begin PBXTargetDependency section */
		1844767D1E0CAFC70091CB79 /* PBXTargetDependency */ = {
			isa = PBXTargetDependency;
			target = 184476611E0CAFC60091CB79 /* NewShopCarDemo */;
			targetProxy = 1844767C1E0CAFC70091CB79 /* PBXContainerItemProxy */;
		};
		184476881E0CAFC70091CB79 /* PBXTargetDependency */ = {
			isa = PBXTargetDependency;
			target = 184476611E0CAFC60091CB79 /* NewShopCarDemo */;
			targetProxy = 184476871E0CAFC70091CB79 /* PBXContainerItemProxy */;
		};
/* End PBXTargetDependency section */

/* Begin PBXVariantGroup section */
		1844766E1E0CAFC60091CB79 /* Main.storyboard */ = {
			isa = PBXVariantGroup;
			children = (
				1844766F1E0CAFC60091CB79 /* Base */,
			);
			name = Main.storyboard;
			sourceTree = "<group>";
		};
		184476731E0CAFC70091CB79 /* LaunchScreen.storyboard */ = {
			isa = PBXVariantGroup;
			children = (
				184476741E0CAFC70091CB79 /* Base */,
			);
			name = LaunchScreen.storyboard;
			sourceTree = "<group>";
		};
/* End PBXVariantGroup section */

/* Begin XCBuildConfiguration section */
		1844768D1E0CAFC80091CB79 /* Debug */ = {
			isa = XCBuildConfiguration;
			buildSettings = {
				ALWAYS_SEARCH_USER_PATHS = NO;
				CLANG_ANALYZER_NONNULL = YES;
				CLANG_CXX_LANGUAGE_STANDARD = "gnu++0x";
				CLANG_CXX_LIBRARY = "libc++";
				CLANG_ENABLE_MODULES = YES;
				CLANG_ENABLE_OBJC_ARC = YES;
				CLANG_WARN_BOOL_CONVERSION = YES;
				CLANG_WARN_CONSTANT_CONVERSION = YES;
				CLANG_WARN_DIRECT_OBJC_ISA_USAGE = YES_ERROR;
				CLANG_WARN_DOCUMENTATION_COMMENTS = YES;
				CLANG_WARN_EMPTY_BODY = YES;
				CLANG_WARN_ENUM_CONVERSION = YES;
				CLANG_WARN_INFINITE_RECURSION = YES;
				CLANG_WARN_INT_CONVERSION = YES;
				CLANG_WARN_OBJC_ROOT_CLASS = YES_ERROR;
				CLANG_WARN_SUSPICIOUS_MOVES = YES;
				CLANG_WARN_UNREACHABLE_CODE = YES;
				CLANG_WARN__DUPLICATE_METHOD_MATCH = YES;
				"CODE_SIGN_IDENTITY[sdk=iphoneos*]" = "iPhone Developer";
				COPY_PHASE_STRIP = NO;
				DEBUG_INFORMATION_FORMAT = dwarf;
				ENABLE_STRICT_OBJC_MSGSEND = YES;
				ENABLE_TESTABILITY = YES;
				GCC_C_LANGUAGE_STANDARD = gnu99;
				GCC_DYNAMIC_NO_PIC = NO;
				GCC_NO_COMMON_BLOCKS = YES;
				GCC_OPTIMIZATION_LEVEL = 0;
				GCC_PREPROCESSOR_DEFINITIONS = (
					"DEBUG=1",
					"$(inherited)",
				);
				GCC_WARN_64_TO_32_BIT_CONVERSION = YES;
				GCC_WARN_ABOUT_RETURN_TYPE = YES_ERROR;
				GCC_WARN_UNDECLARED_SELECTOR = YES;
				GCC_WARN_UNINITIALIZED_AUTOS = YES_AGGRESSIVE;
				GCC_WARN_UNUSED_FUNCTION = YES;
				GCC_WARN_UNUSED_VARIABLE = YES;
				IPHONEOS_DEPLOYMENT_TARGET = 10.1;
				MTL_ENABLE_DEBUG_INFO = YES;
				ONLY_ACTIVE_ARCH = YES;
				SDKROOT = iphoneos;
				TARGETED_DEVICE_FAMILY = "1,2";
			};
			name = Debug;
		};
		1844768E1E0CAFC80091CB79 /* Release */ = {
			isa = XCBuildConfiguration;
			buildSettings = {
				ALWAYS_SEARCH_USER_PATHS = NO;
				CLANG_ANALYZER_NONNULL = YES;
				CLANG_CXX_LANGUAGE_STANDARD = "gnu++0x";
				CLANG_CXX_LIBRARY = "libc++";
				CLANG_ENABLE_MODULES = YES;
				CLANG_ENABLE_OBJC_ARC = YES;
				CLANG_WARN_BOOL_CONVERSION = YES;
				CLANG_WARN_CONSTANT_CONVERSION = YES;
				CLANG_WARN_DIRECT_OBJC_ISA_USAGE = YES_ERROR;
				CLANG_WARN_DOCUMENTATION_COMMENTS = YES;
				CLANG_WARN_EMPTY_BODY = YES;
				CLANG_WARN_ENUM_CONVERSION = YES;
				CLANG_WARN_INFINITE_RECURSION = YES;
				CLANG_WARN_INT_CONVERSION = YES;
				CLANG_WARN_OBJC_ROOT_CLASS = YES_ERROR;
				CLANG_WARN_SUSPICIOUS_MOVES = YES;
				CLANG_WARN_UNREACHABLE_CODE = YES;
				CLANG_WARN__DUPLICATE_METHOD_MATCH = YES;
				"CODE_SIGN_IDENTITY[sdk=iphoneos*]" = "iPhone Developer";
				COPY_PHASE_STRIP = NO;
				DEBUG_INFORMATION_FORMAT = "dwarf-with-dsym";
				ENABLE_NS_ASSERTIONS = NO;
				ENABLE_STRICT_OBJC_MSGSEND = YES;
				GCC_C_LANGUAGE_STANDARD = gnu99;
				GCC_NO_COMMON_BLOCKS = YES;
				GCC_WARN_64_TO_32_BIT_CONVERSION = YES;
				GCC_WARN_ABOUT_RETURN_TYPE = YES_ERROR;
				GCC_WARN_UNDECLARED_SELECTOR = YES;
				GCC_WARN_UNINITIALIZED_AUTOS = YES_AGGRESSIVE;
				GCC_WARN_UNUSED_FUNCTION = YES;
				GCC_WARN_UNUSED_VARIABLE = YES;
				IPHONEOS_DEPLOYMENT_TARGET = 10.1;
				MTL_ENABLE_DEBUG_INFO = NO;
				SDKROOT = iphoneos;
				TARGETED_DEVICE_FAMILY = "1,2";
				VALIDATE_PRODUCT = YES;
			};
			name = Release;
		};
		184476901E0CAFC80091CB79 /* Debug */ = {
			isa = XCBuildConfiguration;
			buildSettings = {
				ASSETCATALOG_COMPILER_APPICON_NAME = AppIcon;
				DEVELOPMENT_TEAM = 4U8M5497ZW;
				GCC_PREFIX_HEADER = "$(SRCROOT)/NewShopCarDemo/Header.h";
				INFOPLIST_FILE = NewShopCarDemo/Info.plist;
				LD_RUNPATH_SEARCH_PATHS = "$(inherited) @executable_path/Frameworks";
				PRODUCT_BUNDLE_IDENTIFIER = com.mgjr.NewShopCarDemo;
				PRODUCT_NAME = "$(TARGET_NAME)";
			};
			name = Debug;
		};
		184476911E0CAFC80091CB79 /* Release */ = {
			isa = XCBuildConfiguration;
			buildSettings = {
				ASSETCATALOG_COMPILER_APPICON_NAME = AppIcon;
				DEVELOPMENT_TEAM = 4U8M5497ZW;
				GCC_PREFIX_HEADER = "$(SRCROOT)/NewShopCarDemo/Header.h";
				INFOPLIST_FILE = NewShopCarDemo/Info.plist;
				LD_RUNPATH_SEARCH_PATHS = "$(inherited) @executable_path/Frameworks";
				PRODUCT_BUNDLE_IDENTIFIER = com.mgjr.NewShopCarDemo;
				PRODUCT_NAME = "$(TARGET_NAME)";
			};
			name = Release;
		};
		184476931E0CAFC80091CB79 /* Debug */ = {
			isa = XCBuildConfiguration;
			buildSettings = {
				BUNDLE_LOADER = "$(TEST_HOST)";
				INFOPLIST_FILE = NewShopCarDemoTests/Info.plist;
				LD_RUNPATH_SEARCH_PATHS = "$(inherited) @executable_path/Frameworks @loader_path/Frameworks";
				PRODUCT_BUNDLE_IDENTIFIER = com.mgjr.NewShopCarDemoTests;
				PRODUCT_NAME = "$(TARGET_NAME)";
				TEST_HOST = "$(BUILT_PRODUCTS_DIR)/NewShopCarDemo.app/NewShopCarDemo";
			};
			name = Debug;
		};
		184476941E0CAFC80091CB79 /* Release */ = {
			isa = XCBuildConfiguration;
			buildSettings = {
				BUNDLE_LOADER = "$(TEST_HOST)";
				INFOPLIST_FILE = NewShopCarDemoTests/Info.plist;
				LD_RUNPATH_SEARCH_PATHS = "$(inherited) @executable_path/Frameworks @loader_path/Frameworks";
				PRODUCT_BUNDLE_IDENTIFIER = com.mgjr.NewShopCarDemoTests;
				PRODUCT_NAME = "$(TARGET_NAME)";
				TEST_HOST = "$(BUILT_PRODUCTS_DIR)/NewShopCarDemo.app/NewShopCarDemo";
			};
			name = Release;
		};
		184476961E0CAFC80091CB79 /* Debug */ = {
			isa = XCBuildConfiguration;
			buildSettings = {
				INFOPLIST_FILE = NewShopCarDemoUITests/Info.plist;
				LD_RUNPATH_SEARCH_PATHS = "$(inherited) @executable_path/Frameworks @loader_path/Frameworks";
				PRODUCT_BUNDLE_IDENTIFIER = com.mgjr.NewShopCarDemoUITests;
				PRODUCT_NAME = "$(TARGET_NAME)";
				TEST_TARGET_NAME = NewShopCarDemo;
			};
			name = Debug;
		};
		184476971E0CAFC80091CB79 /* Release */ = {
			isa = XCBuildConfiguration;
			buildSettings = {
				INFOPLIST_FILE = NewShopCarDemoUITests/Info.plist;
				LD_RUNPATH_SEARCH_PATHS = "$(inherited) @executable_path/Frameworks @loader_path/Frameworks";
				PRODUCT_BUNDLE_IDENTIFIER = com.mgjr.NewShopCarDemoUITests;
				PRODUCT_NAME = "$(TARGET_NAME)";
				TEST_TARGET_NAME = NewShopCarDemo;
			};
			name = Release;
		};
/* End XCBuildConfiguration section */

/* Begin XCConfigurationList section */
		1844765D1E0CAFC50091CB79 /* Build configuration list for PBXProject "NewShopCarDemo" */ = {
			isa = XCConfigurationList;
			buildConfigurations = (
				1844768D1E0CAFC80091CB79 /* Debug */,
				1844768E1E0CAFC80091CB79 /* Release */,
			);
			defaultConfigurationIsVisible = 0;
			defaultConfigurationName = Release;
		};
		1844768F1E0CAFC80091CB79 /* Build configuration list for PBXNativeTarget "NewShopCarDemo" */ = {
			isa = XCConfigurationList;
			buildConfigurations = (
				184476901E0CAFC80091CB79 /* Debug */,
				184476911E0CAFC80091CB79 /* Release */,
			);
			defaultConfigurationIsVisible = 0;
			defaultConfigurationName = Release;
		};
		184476921E0CAFC80091CB79 /* Build configuration list for PBXNativeTarget "NewShopCarDemoTests" */ = {
			isa = XCConfigurationList;
			buildConfigurations = (
				184476931E0CAFC80091CB79 /* Debug */,
				184476941E0CAFC80091CB79 /* Release */,
			);
			defaultConfigurationIsVisible = 0;
			defaultConfigurationName = Release;
		};
		184476951E0CAFC80091CB79 /* Build configuration list for PBXNativeTarget "NewShopCarDemoUITests" */ = {
			isa = XCConfigurationList;
			buildConfigurations = (
				184476961E0CAFC80091CB79 /* Debug */,
				184476971E0CAFC80091CB79 /* Release */,
			);
			defaultConfigurationIsVisible = 0;
			defaultConfigurationName = Release;
		};
/* End XCConfigurationList section */
	};
	rootObject = 1844765A1E0CAFC50091CB79 /* Project object */;
}
